
Microsoft Visual Studio Solution File, Format Version 12.00
# Visual Studio 15
VisualStudioVersion = 15.0.27703.2026
MinimumVisualStudioVersion = 10.0.40219.1
Project("{8BC9CEB8-8B4A-11D0-8D11-00A0C91BC942}") = "手游组-陈纪禧-训练营-链表", "手游组-陈纪禧-训练营-链表\手游组-陈纪禧-训练营-链表.vcxproj", "{ECC0EA24-BD5C-409D-826E-F28E264FADAC}"
EndProject
Global
	GlobalSection(SolutionConfigurationPlatforms) = preSolution
		Debug|x64 = Debug|x64
		Debug|x86 = Debug|x86
		Release|x64 = Release|x64
		Release|x86 = Release|x86
	EndGlobalSection
	GlobalSection(ProjectConfigurationPlatforms) = postSolution
		{ECC0EA24-BD5C-409D-826E-F28E264FADAC}.Debug|x64.ActiveCfg = Debug|x64
		{ECC0EA24-BD5C-409D-826E-F28E264FADAC}.Debug|x64.Build.0 = Debug|x64
		{ECC0EA24-BD5C-409D-826E-F28E264FADAC}.Debug|x86.ActiveCfg = Debug|Win32
		{ECC0EA24-BD5C-409D-826E-F28E264FADAC}.Debug|x86.Build.0 = Debug|Win32
		{ECC0EA24-BD5C-409D-826E-F28E264FADAC}.Release|x64.ActiveCfg = Release|x64
		{ECC0EA24-BD5C-409D-826E-F28E264FADAC}.Release|x64.Build.0 = Release|x64
		{ECC0EA24-BD5C-409D-826E-F28E264FADAC}.Release|x86.ActiveCfg = Release|Win32
		{ECC0EA24-BD5C-409D-826E-F28E264FADAC}.Release|x86.Build.0 = Release|Win32
	EndGlobalSection
	GlobalSection(SolutionProperties) = preSolution
		HideSolutionNode = FALSE
	EndGlobalSection
	GlobalSection(ExtensibilityGlobals) = postSolution
		SolutionGuid = {6F98D15F-2EFE-4D94-B108-D350BB772FA9}
	EndGlobalSection
EndGlobal
