
Microsoft Visual Studio Solution File, Format Version 12.00
# Visual Studio 15
VisualStudioVersion = 15.0.27703.2026
MinimumVisualStudioVersion = 10.0.40219.1
Project("{8BC9CEB8-8B4A-11D0-8D11-00A0C91BC942}") = "Rendering a Rectangle", "Rendering a Rectangle\Rendering a Rectangle.vcxproj", "{15810905-F7C5-40D2-BA4A-A5DB9C44D847}"
EndProject
Global
	GlobalSection(SolutionConfigurationPlatforms) = preSolution
		Debug|x64 = Debug|x64
		Debug|x86 = Debug|x86
		Release|x64 = Release|x64
		Release|x86 = Release|x86
	EndGlobalSection
	GlobalSection(ProjectConfigurationPlatforms) = postSolution
		{15810905-F7C5-40D2-BA4A-A5DB9C44D847}.Debug|x64.ActiveCfg = Debug|x64
		{15810905-F7C5-40D2-BA4A-A5DB9C44D847}.Debug|x64.Build.0 = Debug|x64
		{15810905-F7C5-40D2-BA4A-A5DB9C44D847}.Debug|x86.ActiveCfg = Debug|Win32
		{15810905-F7C5-40D2-BA4A-A5DB9C44D847}.Debug|x86.Build.0 = Debug|Win32
		{15810905-F7C5-40D2-BA4A-A5DB9C44D847}.Release|x64.ActiveCfg = Release|x64
		{15810905-F7C5-40D2-BA4A-A5DB9C44D847}.Release|x64.Build.0 = Release|x64
		{15810905-F7C5-40D2-BA4A-A5DB9C44D847}.Release|x86.ActiveCfg = Release|Win32
		{15810905-F7C5-40D2-BA4A-A5DB9C44D847}.Release|x86.Build.0 = Release|Win32
	EndGlobalSection
	GlobalSection(SolutionProperties) = preSolution
		HideSolutionNode = FALSE
	EndGlobalSection
	GlobalSection(ExtensibilityGlobals) = postSolution
		SolutionGuid = {3763890F-FC13-4C96-98F5-8F1AEE8903D4}
	EndGlobalSection
EndGlobal
