
Microsoft Visual Studio Solution File, Format Version 12.00
# Visual Studio 15
VisualStudioVersion = 15.0.27703.2026
MinimumVisualStudioVersion = 10.0.40219.1
Project("{8BC9CEB8-8B4A-11D0-8D11-00A0C91BC942}") = "手游组-陈纪禧-训练营-栈", "手游组-陈纪禧-训练营-栈\手游组-陈纪禧-训练营-栈.vcxproj", "{43BBE934-6F97-4397-AD5D-BE6861D32399}"
EndProject
Global
	GlobalSection(SolutionConfigurationPlatforms) = preSolution
		Debug|x64 = Debug|x64
		Debug|x86 = Debug|x86
		Release|x64 = Release|x64
		Release|x86 = Release|x86
	EndGlobalSection
	GlobalSection(ProjectConfigurationPlatforms) = postSolution
		{43BBE934-6F97-4397-AD5D-BE6861D32399}.Debug|x64.ActiveCfg = Debug|x64
		{43BBE934-6F97-4397-AD5D-BE6861D32399}.Debug|x64.Build.0 = Debug|x64
		{43BBE934-6F97-4397-AD5D-BE6861D32399}.Debug|x86.ActiveCfg = Debug|Win32
		{43BBE934-6F97-4397-AD5D-BE6861D32399}.Debug|x86.Build.0 = Debug|Win32
		{43BBE934-6F97-4397-AD5D-BE6861D32399}.Release|x64.ActiveCfg = Release|x64
		{43BBE934-6F97-4397-AD5D-BE6861D32399}.Release|x64.Build.0 = Release|x64
		{43BBE934-6F97-4397-AD5D-BE6861D32399}.Release|x86.ActiveCfg = Release|Win32
		{43BBE934-6F97-4397-AD5D-BE6861D32399}.Release|x86.Build.0 = Release|Win32
	EndGlobalSection
	GlobalSection(SolutionProperties) = preSolution
		HideSolutionNode = FALSE
	EndGlobalSection
	GlobalSection(ExtensibilityGlobals) = postSolution
		SolutionGuid = {F99A9B01-7DE0-4E81-BA95-E99F8187D412}
	EndGlobalSection
EndGlobal
